
Microsoft Visual Studio Solution File, Format Version 12.00
# Visual Studio 2012
Project("{FAE04EC0-301F-11D3-BF4B-00C04F79EFBC}") = "QuickRecipes.iOS", "QuickRecipes.iOS.csproj", "{93CBC93D-52C8-4795-9291-5ECDEAF2E835}"
EndProject
Global
	GlobalSection(SolutionConfigurationPlatforms) = preSolution
		Debug|iPhoneSimulator = Debug|iPhoneSimulator
		Release|iPhone = Release|iPhone
		Release|iPhoneSimulator = Release|iPhoneSimulator
		Debug|iPhone = Debug|iPhone
	EndGlobalSection
	GlobalSection(ProjectConfigurationPlatforms) = postSolution
		{93CBC93D-52C8-4795-9291-5ECDEAF2E835}.Debug|iPhoneSimulator.ActiveCfg = Debug|iPhoneSimulator
		{93CBC93D-52C8-4795-9291-5ECDEAF2E835}.Debug|iPhoneSimulator.Build.0 = Debug|iPhoneSimulator
		{93CBC93D-52C8-4795-9291-5ECDEAF2E835}.Release|iPhone.ActiveCfg = Release|iPhone
		{93CBC93D-52C8-4795-9291-5ECDEAF2E835}.Release|iPhone.Build.0 = Release|iPhone
		{93CBC93D-52C8-4795-9291-5ECDEAF2E835}.Release|iPhoneSimulator.ActiveCfg = Release|iPhoneSimulator
		{93CBC93D-52C8-4795-9291-5ECDEAF2E835}.Release|iPhoneSimulator.Build.0 = Release|iPhoneSimulator
		{93CBC93D-52C8-4795-9291-5ECDEAF2E835}.Debug|iPhone.ActiveCfg = Debug|iPhone
		{93CBC93D-52C8-4795-9291-5ECDEAF2E835}.Debug|iPhone.Build.0 = Debug|iPhone
	EndGlobalSection
EndGlobal
